
Microsoft Visual Studio Solution File, Format Version 12.00
# Visual Studio Version 17
VisualStudioVersion = 17.0.31919.166
MinimumVisualStudioVersion = 10.0.40219.1
Project("{F184B08F-C81C-45F6-A57F-5ABD9991F28F}") = "Download_Devoluciones_DNF", "Download_Devoluciones_DNF.vbproj", "{FF83600F-D072-4CC1-975A-DBB625EC660C}"
EndProject
Global
	GlobalSection(SolutionConfigurationPlatforms) = preSolution
		Debug|Any CPU = Debug|Any CPU
		Release|Any CPU = Release|Any CPU
	EndGlobalSection
	GlobalSection(ProjectConfigurationPlatforms) = postSolution
		{FF83600F-D072-4CC1-975A-DBB625EC660C}.Debug|Any CPU.ActiveCfg = Debug|Any CPU
		{FF83600F-D072-4CC1-975A-DBB625EC660C}.Debug|Any CPU.Build.0 = Debug|Any CPU
		{FF83600F-D072-4CC1-975A-DBB625EC660C}.Release|Any CPU.ActiveCfg = Release|Any CPU
		{FF83600F-D072-4CC1-975A-DBB625EC660C}.Release|Any CPU.Build.0 = Release|Any CPU
	EndGlobalSection
	GlobalSection(SolutionProperties) = preSolution
		HideSolutionNode = FALSE
	EndGlobalSection
	GlobalSection(ExtensibilityGlobals) = postSolution
		SolutionGuid = {4613DDF5-E754-4133-88AA-072B5BCA3D25}
	EndGlobalSection
EndGlobal
