
Microsoft Visual Studio Solution File, Format Version 12.00
# Visual Studio Version 16
VisualStudioVersion = 16.0.30717.126
MinimumVisualStudioVersion = 10.0.40219.1
Project("{F184B08F-C81C-45F6-A57F-5ABD9991F28F}") = "Download_Receptores", "Download_Receptores.vbproj", "{DA9F8FFD-EED6-4199-AB77-77B37ED180AC}"
EndProject
Global
	GlobalSection(SolutionConfigurationPlatforms) = preSolution
		Debug|Any CPU = Debug|Any CPU
		Release|Any CPU = Release|Any CPU
	EndGlobalSection
	GlobalSection(ProjectConfigurationPlatforms) = postSolution
		{DA9F8FFD-EED6-4199-AB77-77B37ED180AC}.Debug|Any CPU.ActiveCfg = Debug|Any CPU
		{DA9F8FFD-EED6-4199-AB77-77B37ED180AC}.Debug|Any CPU.Build.0 = Debug|Any CPU
		{DA9F8FFD-EED6-4199-AB77-77B37ED180AC}.Release|Any CPU.ActiveCfg = Release|Any CPU
		{DA9F8FFD-EED6-4199-AB77-77B37ED180AC}.Release|Any CPU.Build.0 = Release|Any CPU
	EndGlobalSection
	GlobalSection(SolutionProperties) = preSolution
		HideSolutionNode = FALSE
	EndGlobalSection
	GlobalSection(ExtensibilityGlobals) = postSolution
		SolutionGuid = {34C9EA29-2548-4DFD-BC3E-A10BDBC4CC19}
	EndGlobalSection
EndGlobal
