
Microsoft Visual Studio Solution File, Format Version 12.00
# Visual Studio Version 16
VisualStudioVersion = 16.0.30717.126
MinimumVisualStudioVersion = 10.0.40219.1
Project("{F184B08F-C81C-45F6-A57F-5ABD9991F28F}") = "Download_Requisiciones_RQT", "Download_Requisiciones_RQT.vbproj", "{3C5A310D-6EBC-4411-ABE4-D9810187EEB2}"
EndProject
Global
	GlobalSection(SolutionConfigurationPlatforms) = preSolution
		Debug|Any CPU = Debug|Any CPU
		Release|Any CPU = Release|Any CPU
	EndGlobalSection
	GlobalSection(ProjectConfigurationPlatforms) = postSolution
		{3C5A310D-6EBC-4411-ABE4-D9810187EEB2}.Debug|Any CPU.ActiveCfg = Debug|Any CPU
		{3C5A310D-6EBC-4411-ABE4-D9810187EEB2}.Debug|Any CPU.Build.0 = Debug|Any CPU
		{3C5A310D-6EBC-4411-ABE4-D9810187EEB2}.Release|Any CPU.ActiveCfg = Release|Any CPU
		{3C5A310D-6EBC-4411-ABE4-D9810187EEB2}.Release|Any CPU.Build.0 = Release|Any CPU
	EndGlobalSection
	GlobalSection(SolutionProperties) = preSolution
		HideSolutionNode = FALSE
	EndGlobalSection
	GlobalSection(ExtensibilityGlobals) = postSolution
		SolutionGuid = {0EE57470-5C0C-441A-9D2D-5010692C9211}
	EndGlobalSection
EndGlobal
