
Microsoft Visual Studio Solution File, Format Version 12.00
# Visual Studio Version 16
VisualStudioVersion = 16.0.31613.86
MinimumVisualStudioVersion = 10.0.40219.1
Project("{F184B08F-C81C-45F6-A57F-5ABD9991F28F}") = "Upload_Ajustes_AIC", "Upload_Ajustes_AIC.vbproj", "{1E0C1BD8-B2AE-46C5-AD70-376A569F7246}"
EndProject
Global
	GlobalSection(SolutionConfigurationPlatforms) = preSolution
		Debug|Any CPU = Debug|Any CPU
		Release|Any CPU = Release|Any CPU
	EndGlobalSection
	GlobalSection(ProjectConfigurationPlatforms) = postSolution
		{1E0C1BD8-B2AE-46C5-AD70-376A569F7246}.Debug|Any CPU.ActiveCfg = Debug|Any CPU
		{1E0C1BD8-B2AE-46C5-AD70-376A569F7246}.Debug|Any CPU.Build.0 = Debug|Any CPU
		{1E0C1BD8-B2AE-46C5-AD70-376A569F7246}.Release|Any CPU.ActiveCfg = Release|Any CPU
		{1E0C1BD8-B2AE-46C5-AD70-376A569F7246}.Release|Any CPU.Build.0 = Release|Any CPU
	EndGlobalSection
	GlobalSection(SolutionProperties) = preSolution
		HideSolutionNode = FALSE
	EndGlobalSection
	GlobalSection(ExtensibilityGlobals) = postSolution
		SolutionGuid = {98A1854D-078A-416E-97A1-A2D71C4C806E}
	EndGlobalSection
EndGlobal
