
Microsoft Visual Studio Solution File, Format Version 12.00
# Visual Studio Version 16
VisualStudioVersion = 16.0.30717.126
MinimumVisualStudioVersion = 10.0.40219.1
Project("{E24C65DC-7377-472B-9ABA-BC803B73C61A}") = "Sauron_WMS", "Sauron_WMS\", "{C8A3FF94-027B-4347-821C-3C202E18E8D3}"
	ProjectSection(WebsiteProperties) = preProject
		TargetFrameworkMoniker = ".NETFramework,Version%3Dv4.5"
		Debug.AspNetCompiler.VirtualPath = "/localhost_50863"
		Debug.AspNetCompiler.PhysicalPath = "Sauron_WMS\"
		Debug.AspNetCompiler.TargetPath = "PrecompiledWeb\localhost_50863\"
		Debug.AspNetCompiler.Updateable = "true"
		Debug.AspNetCompiler.ForceOverwrite = "true"
		Debug.AspNetCompiler.FixedNames = "false"
		Debug.AspNetCompiler.Debug = "True"
		Release.AspNetCompiler.VirtualPath = "/localhost_50863"
		Release.AspNetCompiler.PhysicalPath = "Sauron_WMS\"
		Release.AspNetCompiler.TargetPath = "PrecompiledWeb\localhost_50863\"
		Release.AspNetCompiler.Updateable = "true"
		Release.AspNetCompiler.ForceOverwrite = "true"
		Release.AspNetCompiler.FixedNames = "false"
		Release.AspNetCompiler.Debug = "False"
		VWDPort = "50863"
		SlnRelativePath = "Sauron_WMS\"
	EndProjectSection
EndProject
Global
	GlobalSection(SolutionConfigurationPlatforms) = preSolution
		Debug|Any CPU = Debug|Any CPU
	EndGlobalSection
	GlobalSection(ProjectConfigurationPlatforms) = postSolution
		{C8A3FF94-027B-4347-821C-3C202E18E8D3}.Debug|Any CPU.ActiveCfg = Debug|Any CPU
		{C8A3FF94-027B-4347-821C-3C202E18E8D3}.Debug|Any CPU.Build.0 = Debug|Any CPU
	EndGlobalSection
	GlobalSection(SolutionProperties) = preSolution
		HideSolutionNode = FALSE
	EndGlobalSection
	GlobalSection(ExtensibilityGlobals) = postSolution
		SolutionGuid = {C3FD20E2-5448-4066-B8AF-38056CDDC2FA}
	EndGlobalSection
EndGlobal
