
Microsoft Visual Studio Solution File, Format Version 12.00
# Visual Studio Version 16
VisualStudioVersion = 16.0.31624.102
MinimumVisualStudioVersion = 10.0.40219.1
Project("{F184B08F-C81C-45F6-A57F-5ABD9991F28F}") = "Upload_Ajustes_Ciclicos", "Upload_Ajustes_Ciclicos.vbproj", "{B415F3CA-4719-44B1-8C62-E03B1D938F10}"
EndProject
Global
	GlobalSection(SolutionConfigurationPlatforms) = preSolution
		Debug|Any CPU = Debug|Any CPU
		Release|Any CPU = Release|Any CPU
	EndGlobalSection
	GlobalSection(ProjectConfigurationPlatforms) = postSolution
		{B415F3CA-4719-44B1-8C62-E03B1D938F10}.Debug|Any CPU.ActiveCfg = Debug|Any CPU
		{B415F3CA-4719-44B1-8C62-E03B1D938F10}.Debug|Any CPU.Build.0 = Debug|Any CPU
		{B415F3CA-4719-44B1-8C62-E03B1D938F10}.Release|Any CPU.ActiveCfg = Release|Any CPU
		{B415F3CA-4719-44B1-8C62-E03B1D938F10}.Release|Any CPU.Build.0 = Release|Any CPU
	EndGlobalSection
	GlobalSection(SolutionProperties) = preSolution
		HideSolutionNode = FALSE
	EndGlobalSection
	GlobalSection(ExtensibilityGlobals) = postSolution
		SolutionGuid = {5B33B504-6A0F-48DD-A87D-AA0D3B0477DE}
	EndGlobalSection
EndGlobal
